
Microsoft Visual Studio Solution File, Format Version 12.00
# Visual Studio 2012
Project("{FAE04EC0-301F-11D3-BF4B-00C04F79EFBC}") = "BotF2.Core", "BotF2.Core\BotF2.Core.csproj", "{D46DDEFA-632D-42C6-9024-532D809E6AFF}"
EndProject
Project("{FAE04EC0-301F-11D3-BF4B-00C04F79EFBC}") = "BotF2.TerrainGeneration", "BotF2.TerrainGeneration\BotF2.TerrainGeneration.csproj", "{DED54F31-4CEF-45CE-94A3-32DDAC995224}"
EndProject
Global
	GlobalSection(SolutionConfigurationPlatforms) = preSolution
		Debug|Any CPU = Debug|Any CPU
		Release|Any CPU = Release|Any CPU
	EndGlobalSection
	GlobalSection(ProjectConfigurationPlatforms) = postSolution
		{D46DDEFA-632D-42C6-9024-532D809E6AFF}.Debug|Any CPU.ActiveCfg = Debug|Any CPU
		{D46DDEFA-632D-42C6-9024-532D809E6AFF}.Debug|Any CPU.Build.0 = Debug|Any CPU
		{D46DDEFA-632D-42C6-9024-532D809E6AFF}.Release|Any CPU.ActiveCfg = Release|Any CPU
		{D46DDEFA-632D-42C6-9024-532D809E6AFF}.Release|Any CPU.Build.0 = Release|Any CPU
		{DED54F31-4CEF-45CE-94A3-32DDAC995224}.Debug|Any CPU.ActiveCfg = Debug|Any CPU
		{DED54F31-4CEF-45CE-94A3-32DDAC995224}.Debug|Any CPU.Build.0 = Debug|Any CPU
		{DED54F31-4CEF-45CE-94A3-32DDAC995224}.Release|Any CPU.ActiveCfg = Release|Any CPU
		{DED54F31-4CEF-45CE-94A3-32DDAC995224}.Release|Any CPU.Build.0 = Release|Any CPU
	EndGlobalSection
	GlobalSection(SolutionProperties) = preSolution
		HideSolutionNode = FALSE
	EndGlobalSection
EndGlobal
